// !$*UTF8*$!
{
	archiveVersion = 1;
	classes = {
	};
	objectVersion = 46;
	objects = {

/* Begin PBXBuildFile section */
		839F77B41CFFD3CB00DEC459 /* AppDelegate.swift in Sources */ = {isa = PBXBuildFile; fileRef = 839F77B31CFFD3CB00DEC459 /* AppDelegate.swift */; };
		839F77B61CFFD3CB00DEC459 /* ViewController.swift in Sources */ = {isa = PBXBuildFile; fileRef = 839F77B51CFFD3CB00DEC459 /* ViewController.swift */; };
		839F77B91CFFD3CB00DEC459 /* Main.storyboard in Resources */ = {isa = PBXBuildFile; fileRef = 839F77B71CFFD3CB00DEC459 /* Main.storyboard */; };
		839F77BB1CFFD3CB00DEC459 /* Assets.xcassets in Resources */ = {isa = PBXBuildFile; fileRef = 839F77BA1CFFD3CB00DEC459 /* Assets.xcassets */; };
		839F77BE1CFFD3CB00DEC459 /* LaunchScreen.storyboard in Resources */ = {isa = PBXBuildFile; fileRef = 839F77BC1CFFD3CB00DEC459 /* LaunchScreen.storyboard */; };
/* End PBXBuildFile section */

/* Begin PBXFileReference section */
		839F77B01CFFD3CB00DEC459 /* MyHood.app */ = {isa = PBXFileReference; explicitFileType = wrapper.application; includeInIndex = 0; path = MyHood.app; sourceTree = BUILT_PRODUCTS_DIR; };
		839F77B31CFFD3CB00DEC459 /* AppDelegate.swift */ = {isa = PBXFileReference; lastKnownFileType = sourcecode.swift; path = AppDelegate.swift; sourceTree = "<group>"; };
		839F77B51CFFD3CB00DEC459 /* ViewController.swift */ = {isa = PBXFileReference; lastKnownFileType = sourcecode.swift; path = ViewController.swift; sourceTree = "<group>"; };
		839F77B81CFFD3CB00DEC459 /* Base */ = {isa = PBXFileReference; lastKnownFileType = file.storyboard; name = Base; path = Base.lproj/Main.storyboard; sourceTree = "<group>"; };
		839F77BA1CFFD3CB00DEC459 /* Assets.xcassets */ = {isa = PBXFileReference; lastKnownFileType = folder.assetcatalog; path = Assets.xcassets; sourceTree = "<group>"; };
		839F77BD1CFFD3CB00DEC459 /* Base */ = {isa = PBXFileReference; lastKnownFileType = file.storyboard; name = Base; path = Base.lproj/LaunchScreen.storyboard; sourceTree = "<group>"; };
		839F77BF1CFFD3CB00DEC459 /* Info.plist */ = {isa = PBXFileReference; lastKnownFileType = text.plist.xml; path = Info.plist; sourceTree = "<group>"; };
/* End PBXFileReference section */

/* Begin PBXFrameworksBuildPhase section */
		839F77AD1CFFD3CB00DEC459 /* Frameworks */ = {
			isa = PBXFrameworksBuildPhase;
			buildActionMask = 2147483647;
			files = (
			);
			runOnlyForDeploymentPostprocessing = 0;
		};
/* End PBXFrameworksBuildPhase section */

/* Begin PBXGroup section */
		839F77A71CFFD3CB00DEC459 = {
			isa = PBXGroup;
			children = (
				839F77B21CFFD3CB00DEC459 /* MyHood */,
				839F77B11CFFD3CB00DEC459 /* Products */,
			);
			sourceTree = "<group>";
		};
		839F77B11CFFD3CB00DEC459 /* Products */ = {
			isa = PBXGroup;
			children = (
				839F77B01CFFD3CB00DEC459 /* MyHood.app */,
			);
			name = Products;
			sourceTree = "<group>";
		};
		839F77B21CFFD3CB00DEC459 /* MyHood */ = {
			isa = PBXGroup;
			children = (
				839F77B31CFFD3CB00DEC459 /* AppDelegate.swift */,
				839F77B51CFFD3CB00DEC459 /* ViewController.swift */,
				839F77B71CFFD3CB00DEC459 /* Main.storyboard */,
				839F77BA1CFFD3CB00DEC459 /* Assets.xcassets */,
				839F77BC1CFFD3CB00DEC459 /* LaunchScreen.storyboard */,
				839F77BF1CFFD3CB00DEC459 /* Info.plist */,
			);
			path = MyHood;
			sourceTree = "<group>";
		};
/* End PBXGroup section */

/* Begin PBXNativeTarget section */
		839F77AF1CFFD3CB00DEC459 /* MyHood */ = {
			isa = PBXNativeTarget;
			buildConfigurationList = 839F77C21CFFD3CB00DEC459 /* Build configuration list for PBXNativeTarget "MyHood" */;
			buildPhases = (
				839F77AC1CFFD3CB00DEC459 /* Sources */,
				839F77AD1CFFD3CB00DEC459 /* Frameworks */,
				839F77AE1CFFD3CB00DEC459 /* Resources */,
			);
			buildRules = (
			);
			dependencies = (
			);
			name = MyHood;
			productName = MyHood;
			productReference = 839F77B01CFFD3CB00DEC459 /* MyHood.app */;
			productType = "com.apple.product-type.application";
		};
/* End PBXNativeTarget section */

/* Begin PBXProject section */
		839F77A81CFFD3CB00DEC459 /* Project object */ = {
			isa = PBXProject;
			attributes = {
				LastSwiftUpdateCheck = 0730;
				LastUpgradeCheck = 0730;
				ORGANIZATIONNAME = "Chris Nowak Tho, LLC";
				TargetAttributes = {
					839F77AF1CFFD3CB00DEC459 = {
						CreatedOnToolsVersion = 7.3.1;
					};
				};
			};
			buildConfigurationList = 839F77AB1CFFD3CB00DEC459 /* Build configuration list for PBXProject "MyHood" */;
			compatibilityVersion = "Xcode 3.2";
			developmentRegion = English;
			hasScannedForEncodings = 0;
			knownRegions = (
				en,
				Base,
			);
			mainGroup = 839F77A71CFFD3CB00DEC459;
			productRefGroup = 839F77B11CFFD3CB00DEC459 /* Products */;
			projectDirPath = "";
			projectRoot = "";
			targets = (
				839F77AF1CFFD3CB00DEC459 /* MyHood */,
			);
		};
/* End PBXProject section */

/* Begin PBXResourcesBuildPhase section */
		839F77AE1CFFD3CB00DEC459 /* Resources */ = {
			isa = PBXResourcesBuildPhase;
			buildActionMask = 2147483647;
			files = (
				839F77BE1CFFD3CB00DEC459 /* LaunchScreen.storyboard in Resources */,
				839F77BB1CFFD3CB00DEC459 /* Assets.xcassets in Resources */,
				839F77B91CFFD3CB00DEC459 /* Main.storyboard in Resources */,
			);
			runOnlyForDeploymentPostprocessing = 0;
		};
/* End PBXResourcesBuildPhase section */

/* Begin PBXSourcesBuildPhase section */
		839F77AC1CFFD3CB00DEC459 /* Sources */ = {
			isa = PBXSourcesBuildPhase;
			buildActionMask = 2147483647;
			files = (
				839F77B61CFFD3CB00DEC459 /* ViewController.swift in Sources */,
				839F77B41CFFD3CB00DEC459 /* AppDelegate.swift in Sources */,
			);
			runOnlyForDeploymentPostprocessing = 0;
		};
/* End PBXSourcesBuildPhase section */

/* Begin PBXVariantGroup section */
		839F77B71CFFD3CB00DEC459 /* Main.storyboard */ = {
			isa = PBXVariantGroup;
			children = (
				839F77B81CFFD3CB00DEC459 /* Base */,
			);
			name = Main.storyboard;
			sourceTree = "<group>";
		};
		839F77BC1CFFD3CB00DEC459 /* LaunchScreen.storyboard */ = {
			isa = PBXVariantGroup;
			children = (
				839F77BD1CFFD3CB00DEC459 /* Base */,
			);
			name = LaunchScreen.storyboard;
			sourceTree = "<group>";
		};
/* End PBXVariantGroup section */

/* Begin XCBuildConfiguration section */
		839F77C01CFFD3CB00DEC459 /* Debug */ = {
			isa = XCBuildConfiguration;
			buildSettings = {
				ALWAYS_SEARCH_USER_PATHS = NO;
				CLANG_ANALYZER_NONNULL = YES;
				CLANG_CXX_LANGUAGE_STANDARD = "gnu++0x";
				CLANG_CXX_LIBRARY = "libc++";
				CLANG_ENABLE_MODULES = YES;
				CLANG_ENABLE_OBJC_ARC = YES;
				CLANG_WARN_BOOL_CONVERSION = YES;
				CLANG_WARN_CONSTANT_CONVERSION = YES;
				CLANG_WARN_DIRECT_OBJC_ISA_USAGE = YES_ERROR;
				CLANG_WARN_EMPTY_BODY = YES;
				CLANG_WARN_ENUM_CONVERSION = YES;
				CLANG_WARN_INT_CONVERSION = YES;
				CLANG_WARN_OBJC_ROOT_CLASS = YES_ERROR;
				CLANG_WARN_UNREACHABLE_CODE = YES;
				CLANG_WARN__DUPLICATE_METHOD_MATCH = YES;
				"CODE_SIGN_IDENTITY[sdk=iphoneos*]" = "iPhone Developer";
				COPY_PHASE_STRIP = NO;
				DEBUG_INFORMATION_FORMAT = dwarf;
				ENABLE_STRICT_OBJC_MSGSEND = YES;
				ENABLE_TESTABILITY = YES;
				GCC_C_LANGUAGE_STANDARD = gnu99;
				GCC_DYNAMIC_NO_PIC = NO;
				GCC_NO_COMMON_BLOCKS = YES;
				GCC_OPTIMIZATION_LEVEL = 0;
				GCC_PREPROCESSOR_DEFINITIONS = (
					"DEBUG=1",
					"$(inherited)",
				);
				GCC_WARN_64_TO_32_BIT_CONVERSION = YES;
				GCC_WARN_ABOUT_RETURN_TYPE = YES_ERROR;
				GCC_WARN_UNDECLARED_SELECTOR = YES;
				GCC_WARN_UNINITIALIZED_AUTOS = YES_AGGRESSIVE;
				GCC_WARN_UNUSED_FUNCTION = YES;
				GCC_WARN_UNUSED_VARIABLE = YES;
				IPHONEOS_DEPLOYMENT_TARGET = 9.3;
				MTL_ENABLE_DEBUG_INFO = YES;
				ONLY_ACTIVE_ARCH = YES;
				SDKROOT = iphoneos;
				SWIFT_OPTIMIZATION_LEVEL = "-Onone";
				TARGETED_DEVICE_FAMILY = "1,2";
			};
			name = Debug;
		};
		839F77C11CFFD3CB00DEC459 /* Release */ = {
			isa = XCBuildConfiguration;
			buildSettings = {
				ALWAYS_SEARCH_USER_PATHS = NO;
				CLANG_ANALYZER_NONNULL = YES;
				CLANG_CXX_LANGUAGE_STANDARD = "gnu++0x";
				CLANG_CXX_LIBRARY = "libc++";
				CLANG_ENABLE_MODULES = YES;
				CLANG_ENABLE_OBJC_ARC = YES;
				CLANG_WARN_BOOL_CONVERSION = YES;
				CLANG_WARN_CONSTANT_CONVERSION = YES;
				CLANG_WARN_DIRECT_OBJC_ISA_USAGE = YES_ERROR;
				CLANG_WARN_EMPTY_BODY = YES;
				CLANG_WARN_ENUM_CONVERSION = YES;
				CLANG_WARN_INT_CONVERSION = YES;
				CLANG_WARN_OBJC_ROOT_CLASS = YES_ERROR;
				CLANG_WARN_UNREACHABLE_CODE = YES;
				CLANG_WARN__DUPLICATE_METHOD_MATCH = YES;
				"CODE_SIGN_IDENTITY[sdk=iphoneos*]" = "iPhone Developer";
				COPY_PHASE_STRIP = NO;
				DEBUG_INFORMATION_FORMAT = "dwarf-with-dsym";
				ENABLE_NS_ASSERTIONS = NO;
				ENABLE_STRICT_OBJC_MSGSEND = YES;
				GCC_C_LANGUAGE_STANDARD = gnu99;
				GCC_NO_COMMON_BLOCKS = YES;
				GCC_WARN_64_TO_32_BIT_CONVERSION = YES;
				GCC_WARN_ABOUT_RETURN_TYPE = YES_ERROR;
				GCC_WARN_UNDECLARED_SELECTOR = YES;
				GCC_WARN_UNINITIALIZED_AUTOS = YES_AGGRESSIVE;
				GCC_WARN_UNUSED_FUNCTION = YES;
				GCC_WARN_UNUSED_VARIABLE = YES;
				IPHONEOS_DEPLOYMENT_TARGET = 9.3;
				MTL_ENABLE_DEBUG_INFO = NO;
				SDKROOT = iphoneos;
				TARGETED_DEVICE_FAMILY = "1,2";
				VALIDATE_PRODUCT = YES;
			};
			name = Release;
		};
		839F77C31CFFD3CB00DEC459 /* Debug */ = {
			isa = XCBuildConfiguration;
			buildSettings = {
				ASSETCATALOG_COMPILER_APPICON_NAME = AppIcon;
				INFOPLIST_FILE = MyHood/Info.plist;
				LD_RUNPATH_SEARCH_PATHS = "$(inherited) @executable_path/Frameworks";
				PRODUCT_BUNDLE_IDENTIFIER = com.chrisNowakTho.MyHood;
				PRODUCT_NAME = "$(TARGET_NAME)";
			};
			name = Debug;
		};
		839F77C41CFFD3CB00DEC459 /* Release */ = {
			isa = XCBuildConfiguration;
			buildSettings = {
				ASSETCATALOG_COMPILER_APPICON_NAME = AppIcon;
				INFOPLIST_FILE = MyHood/Info.plist;
				LD_RUNPATH_SEARCH_PATHS = "$(inherited) @executable_path/Frameworks";
				PRODUCT_BUNDLE_IDENTIFIER = com.chrisNowakTho.MyHood;
				PRODUCT_NAME = "$(TARGET_NAME)";
			};
			name = Release;
		};
/* End XCBuildConfiguration section */

/* Begin XCConfigurationList section */
		839F77AB1CFFD3CB00DEC459 /* Build configuration list for PBXProject "MyHood" */ = {
			isa = XCConfigurationList;
			buildConfigurations = (
				839F77C01CFFD3CB00DEC459 /* Debug */,
				839F77C11CFFD3CB00DEC459 /* Release */,
			);
			defaultConfigurationIsVisible = 0;
			defaultConfigurationName = Release;
		};
		839F77C21CFFD3CB00DEC459 /* Build configuration list for PBXNativeTarget "MyHood" */ = {
			isa = XCConfigurationList;
			buildConfigurations = (
				839F77C31CFFD3CB00DEC459 /* Debug */,
				839F77C41CFFD3CB00DEC459 /* Release */,
			);
			defaultConfigurationIsVisible = 0;
		};
/* End XCConfigurationList section */
	};
	rootObject = 839F77A81CFFD3CB00DEC459 /* Project object */;
}
